// !$*UTF8*$!
{
	archiveVersion = 1;
	classes = {
	};
	objectVersion = 46;
	objects = {

/* Begin PBXBuildFile section */
		7619C3601ABCD0ED000B004C /* main.cpp in Sources */ = {isa = PBXBuildFile; fileRef = 7619C35F1ABCD0ED000B004C /* main.cpp */; };
		76872F8C1AC20A07002065D5 /* VirtualConstructor.cpp in Sources */ = {isa = PBXBuildFile; fileRef = 76872F8A1AC20A07002065D5 /* VirtualConstructor.cpp */; };
		76872F8F1AC2567D002065D5 /* LimitObjects.cpp in Sources */ = {isa = PBXBuildFile; fileRef = 76872F8D1AC2567D002065D5 /* LimitObjects.cpp */; };
/* End PBXBuildFile section */

/* Begin PBXCopyFilesBuildPhase section */
		7619C35A1ABCD0ED000B004C /* CopyFiles */ = {
			isa = PBXCopyFilesBuildPhase;
			buildActionMask = 2147483647;
			dstPath = /usr/share/man/man1/;
			dstSubfolderSpec = 0;
			files = (
			);
			runOnlyForDeploymentPostprocessing = 1;
		};
/* End PBXCopyFilesBuildPhase section */

/* Begin PBXFileReference section */
		7619C35C1ABCD0ED000B004C /* myLib */ = {isa = PBXFileReference; explicitFileType = "compiled.mach-o.executable"; includeInIndex = 0; path = myLib; sourceTree = BUILT_PRODUCTS_DIR; };
		7619C35F1ABCD0ED000B004C /* main.cpp */ = {isa = PBXFileReference; lastKnownFileType = sourcecode.cpp.cpp; path = main.cpp; sourceTree = "<group>"; };
		76872F8A1AC20A07002065D5 /* VirtualConstructor.cpp */ = {isa = PBXFileReference; fileEncoding = 4; lastKnownFileType = sourcecode.cpp.cpp; path = VirtualConstructor.cpp; sourceTree = "<group>"; };
		76872F8B1AC20A07002065D5 /* VirtualConstructor.h */ = {isa = PBXFileReference; fileEncoding = 4; lastKnownFileType = sourcecode.c.h; path = VirtualConstructor.h; sourceTree = "<group>"; };
		76872F8D1AC2567D002065D5 /* LimitObjects.cpp */ = {isa = PBXFileReference; fileEncoding = 4; lastKnownFileType = sourcecode.cpp.cpp; path = LimitObjects.cpp; sourceTree = "<group>"; };
		76872F8E1AC2567D002065D5 /* LimitObjects.h */ = {isa = PBXFileReference; fileEncoding = 4; lastKnownFileType = sourcecode.c.h; path = LimitObjects.h; sourceTree = "<group>"; };
/* End PBXFileReference section */

/* Begin PBXFrameworksBuildPhase section */
		7619C3591ABCD0ED000B004C /* Frameworks */ = {
			isa = PBXFrameworksBuildPhase;
			buildActionMask = 2147483647;
			files = (
			);
			runOnlyForDeploymentPostprocessing = 0;
		};
/* End PBXFrameworksBuildPhase section */

/* Begin PBXGroup section */
		7619C3531ABCD0ED000B004C = {
			isa = PBXGroup;
			children = (
				7619C35E1ABCD0ED000B004C /* myLib */,
				7619C35D1ABCD0ED000B004C /* Products */,
			);
			sourceTree = "<group>";
		};
		7619C35D1ABCD0ED000B004C /* Products */ = {
			isa = PBXGroup;
			children = (
				7619C35C1ABCD0ED000B004C /* myLib */,
			);
			name = Products;
			sourceTree = "<group>";
		};
		7619C35E1ABCD0ED000B004C /* myLib */ = {
			isa = PBXGroup;
			children = (
				7619C35F1ABCD0ED000B004C /* main.cpp */,
				76872F8A1AC20A07002065D5 /* VirtualConstructor.cpp */,
				76872F8B1AC20A07002065D5 /* VirtualConstructor.h */,
				76872F8D1AC2567D002065D5 /* LimitObjects.cpp */,
				76872F8E1AC2567D002065D5 /* LimitObjects.h */,
			);
			path = myLib;
			sourceTree = "<group>";
		};
/* End PBXGroup section */

/* Begin PBXNativeTarget section */
		7619C35B1ABCD0ED000B004C /* myLib */ = {
			isa = PBXNativeTarget;
			buildConfigurationList = 7619C3631ABCD0ED000B004C /* Build configuration list for PBXNativeTarget "myLib" */;
			buildPhases = (
				7619C3581ABCD0ED000B004C /* Sources */,
				7619C3591ABCD0ED000B004C /* Frameworks */,
				7619C35A1ABCD0ED000B004C /* CopyFiles */,
			);
			buildRules = (
			);
			dependencies = (
			);
			name = myLib;
			productName = myLib;
			productReference = 7619C35C1ABCD0ED000B004C /* myLib */;
			productType = "com.apple.product-type.tool";
		};
/* End PBXNativeTarget section */

/* Begin PBXProject section */
		7619C3541ABCD0ED000B004C /* Project object */ = {
			isa = PBXProject;
			attributes = {
				LastUpgradeCheck = 0620;
				ORGANIZATIONNAME = "Xinquan Zhou";
				TargetAttributes = {
					7619C35B1ABCD0ED000B004C = {
						CreatedOnToolsVersion = 6.2;
					};
				};
			};
			buildConfigurationList = 7619C3571ABCD0ED000B004C /* Build configuration list for PBXProject "myLib" */;
			compatibilityVersion = "Xcode 3.2";
			developmentRegion = English;
			hasScannedForEncodings = 0;
			knownRegions = (
				en,
			);
			mainGroup = 7619C3531ABCD0ED000B004C;
			productRefGroup = 7619C35D1ABCD0ED000B004C /* Products */;
			projectDirPath = "";
			projectRoot = "";
			targets = (
				7619C35B1ABCD0ED000B004C /* myLib */,
			);
		};
/* End PBXProject section */

/* Begin PBXSourcesBuildPhase section */
		7619C3581ABCD0ED000B004C /* Sources */ = {
			isa = PBXSourcesBuildPhase;
			buildActionMask = 2147483647;
			files = (
				76872F8C1AC20A07002065D5 /* VirtualConstructor.cpp in Sources */,
				76872F8F1AC2567D002065D5 /* LimitObjects.cpp in Sources */,
				7619C3601ABCD0ED000B004C /* main.cpp in Sources */,
			);
			runOnlyForDeploymentPostprocessing = 0;
		};
/* End PBXSourcesBuildPhase section */

/* Begin XCBuildConfiguration section */
		7619C3611ABCD0ED000B004C /* Debug */ = {
			isa = XCBuildConfiguration;
			buildSettings = {
				ALWAYS_SEARCH_USER_PATHS = NO;
				CLANG_CXX_LANGUAGE_STANDARD = "gnu++0x";
				CLANG_CXX_LIBRARY = "libc++";
				CLANG_ENABLE_MODULES = YES;
				CLANG_ENABLE_OBJC_ARC = YES;
				CLANG_WARN_BOOL_CONVERSION = YES;
				CLANG_WARN_CONSTANT_CONVERSION = YES;
				CLANG_WARN_DIRECT_OBJC_ISA_USAGE = YES_ERROR;
				CLANG_WARN_EMPTY_BODY = YES;
				CLANG_WARN_ENUM_CONVERSION = YES;
				CLANG_WARN_INT_CONVERSION = YES;
				CLANG_WARN_OBJC_ROOT_CLASS = YES_ERROR;
				CLANG_WARN_UNREACHABLE_CODE = YES;
				CLANG_WARN__DUPLICATE_METHOD_MATCH = YES;
				COPY_PHASE_STRIP = NO;
				ENABLE_STRICT_OBJC_MSGSEND = YES;
				GCC_C_LANGUAGE_STANDARD = gnu99;
				GCC_DYNAMIC_NO_PIC = NO;
				GCC_OPTIMIZATION_LEVEL = 0;
				GCC_PREPROCESSOR_DEFINITIONS = (
					"DEBUG=1",
					"$(inherited)",
				);
				GCC_SYMBOLS_PRIVATE_EXTERN = NO;
				GCC_WARN_64_TO_32_BIT_CONVERSION = YES;
				GCC_WARN_ABOUT_RETURN_TYPE = YES_ERROR;
				GCC_WARN_UNDECLARED_SELECTOR = YES;
				GCC_WARN_UNINITIALIZED_AUTOS = YES_AGGRESSIVE;
				GCC_WARN_UNUSED_FUNCTION = YES;
				GCC_WARN_UNUSED_VARIABLE = YES;
				MACOSX_DEPLOYMENT_TARGET = 10.9;
				MTL_ENABLE_DEBUG_INFO = YES;
				ONLY_ACTIVE_ARCH = YES;
				SDKROOT = macosx;
			};
			name = Debug;
		};
		7619C3621ABCD0ED000B004C /* Release */ = {
			isa = XCBuildConfiguration;
			buildSettings = {
				ALWAYS_SEARCH_USER_PATHS = NO;
				CLANG_CXX_LANGUAGE_STANDARD = "gnu++0x";
				CLANG_CXX_LIBRARY = "libc++";
				CLANG_ENABLE_MODULES = YES;
				CLANG_ENABLE_OBJC_ARC = YES;
				CLANG_WARN_BOOL_CONVERSION = YES;
				CLANG_WARN_CONSTANT_CONVERSION = YES;
				CLANG_WARN_DIRECT_OBJC_ISA_USAGE = YES_ERROR;
				CLANG_WARN_EMPTY_BODY = YES;
				CLANG_WARN_ENUM_CONVERSION = YES;
				CLANG_WARN_INT_CONVERSION = YES;
				CLANG_WARN_OBJC_ROOT_CLASS = YES_ERROR;
				CLANG_WARN_UNREACHABLE_CODE = YES;
				CLANG_WARN__DUPLICATE_METHOD_MATCH = YES;
				COPY_PHASE_STRIP = NO;
				DEBUG_INFORMATION_FORMAT = "dwarf-with-dsym";
				ENABLE_NS_ASSERTIONS = NO;
				ENABLE_STRICT_OBJC_MSGSEND = YES;
				GCC_C_LANGUAGE_STANDARD = gnu99;
				GCC_WARN_64_TO_32_BIT_CONVERSION = YES;
				GCC_WARN_ABOUT_RETURN_TYPE = YES_ERROR;
				GCC_WARN_UNDECLARED_SELECTOR = YES;
				GCC_WARN_UNINITIALIZED_AUTOS = YES_AGGRESSIVE;
				GCC_WARN_UNUSED_FUNCTION = YES;
				GCC_WARN_UNUSED_VARIABLE = YES;
				MACOSX_DEPLOYMENT_TARGET = 10.9;
				MTL_ENABLE_DEBUG_INFO = NO;
				SDKROOT = macosx;
			};
			name = Release;
		};
		7619C3641ABCD0ED000B004C /* Debug */ = {
			isa = XCBuildConfiguration;
			buildSettings = {
				PRODUCT_NAME = "$(TARGET_NAME)";
			};
			name = Debug;
		};
		7619C3651ABCD0ED000B004C /* Release */ = {
			isa = XCBuildConfiguration;
			buildSettings = {
				PRODUCT_NAME = "$(TARGET_NAME)";
			};
			name = Release;
		};
/* End XCBuildConfiguration section */

/* Begin XCConfigurationList section */
		7619C3571ABCD0ED000B004C /* Build configuration list for PBXProject "myLib" */ = {
			isa = XCConfigurationList;
			buildConfigurations = (
				7619C3611ABCD0ED000B004C /* Debug */,
				7619C3621ABCD0ED000B004C /* Release */,
			);
			defaultConfigurationIsVisible = 0;
			defaultConfigurationName = Release;
		};
		7619C3631ABCD0ED000B004C /* Build configuration list for PBXNativeTarget "myLib" */ = {
			isa = XCConfigurationList;
			buildConfigurations = (
				7619C3641ABCD0ED000B004C /* Debug */,
				7619C3651ABCD0ED000B004C /* Release */,
			);
			defaultConfigurationIsVisible = 0;
			defaultConfigurationName = Release;
		};
/* End XCConfigurationList section */
	};
	rootObject = 7619C3541ABCD0ED000B004C /* Project object */;
}
